// !$*UTF8*$!
{
	archiveVersion = 1;
	classes = {
	};
	objectVersion = 56;
	objects = {

/* Begin PBXBuildFile section */
		3A2EE9092B1BC4FB000A83DD /* Star.swift in Sources */ = {isa = PBXBuildFile; fileRef = 3A2EE9082B1BC4FB000A83DD /* Star.swift */; };
		3A2EE9152B1D1988000A83DD /* MPLUSRounded1c-Black.ttf in Resources */ = {isa = PBXBuildFile; fileRef = 3A2EE90E2B1D1987000A83DD /* MPLUSRounded1c-Black.ttf */; };
		3A2EE9162B1D1988000A83DD /* MPLUSRounded1c-Regular.ttf in Resources */ = {isa = PBXBuildFile; fileRef = 3A2EE90F2B1D1987000A83DD /* MPLUSRounded1c-Regular.ttf */; };
		3A2EE91A2B1D1988000A83DD /* MPLUSRounded1c-Medium.ttf in Resources */ = {isa = PBXBuildFile; fileRef = 3A2EE9132B1D1988000A83DD /* MPLUSRounded1c-Medium.ttf */; };
		3A2EE91D2B1D22EB000A83DD /* CanvasSettings.swift in Sources */ = {isa = PBXBuildFile; fileRef = 3A2EE91C2B1D22EA000A83DD /* CanvasSettings.swift */; };
		3A6F11ED2B1D470F00CD5D07 /* Launch Screen.storyboard in Resources */ = {isa = PBXBuildFile; fileRef = 3A6F11EC2B1D470F00CD5D07 /* Launch Screen.storyboard */; };
		3A6F11EF2B1FB33600CD5D07 /* GoogleService-Info.plist in Resources */ = {isa = PBXBuildFile; fileRef = 3A6F11EE2B1FB33600CD5D07 /* GoogleService-Info.plist */; };
		3A6F11F22B1FB38A00CD5D07 /* FirebaseAnalytics in Frameworks */ = {isa = PBXBuildFile; productRef = 3A6F11F12B1FB38A00CD5D07 /* FirebaseAnalytics */; };
		3A6F11F42B1FB38A00CD5D07 /* FirebaseAnalyticsOnDeviceConversion in Frameworks */ = {isa = PBXBuildFile; productRef = 3A6F11F32B1FB38A00CD5D07 /* FirebaseAnalyticsOnDeviceConversion */; };
		3A6F11F62B1FB38A00CD5D07 /* FirebaseAnalyticsSwift in Frameworks */ = {isa = PBXBuildFile; productRef = 3A6F11F52B1FB38A00CD5D07 /* FirebaseAnalyticsSwift */; };
		3A6F11F82B1FB38A00CD5D07 /* FirebaseAnalyticsWithoutAdIdSupport in Frameworks */ = {isa = PBXBuildFile; productRef = 3A6F11F72B1FB38A00CD5D07 /* FirebaseAnalyticsWithoutAdIdSupport */; };
		3A6F11FA2B1FB38A00CD5D07 /* FirebaseAppCheck in Frameworks */ = {isa = PBXBuildFile; productRef = 3A6F11F92B1FB38A00CD5D07 /* FirebaseAppCheck */; };
		3A6F11FC2B1FB38A00CD5D07 /* FirebaseAppDistribution-Beta in Frameworks */ = {isa = PBXBuildFile; productRef = 3A6F11FB2B1FB38A00CD5D07 /* FirebaseAppDistribution-Beta */; };
		3A6F11FE2B1FB38A00CD5D07 /* FirebaseAuth in Frameworks */ = {isa = PBXBuildFile; productRef = 3A6F11FD2B1FB38A00CD5D07 /* FirebaseAuth */; };
		3A6F12002B1FB38A00CD5D07 /* FirebaseAuthCombine-Community in Frameworks */ = {isa = PBXBuildFile; productRef = 3A6F11FF2B1FB38A00CD5D07 /* FirebaseAuthCombine-Community */; };
		3A6F12022B1FB38A00CD5D07 /* FirebaseCrashlytics in Frameworks */ = {isa = PBXBuildFile; productRef = 3A6F12012B1FB38A00CD5D07 /* FirebaseCrashlytics */; };
		3A6F12042B1FB38A00CD5D07 /* FirebaseDatabase in Frameworks */ = {isa = PBXBuildFile; productRef = 3A6F12032B1FB38A00CD5D07 /* FirebaseDatabase */; };
		3A6F12062B1FB38A00CD5D07 /* FirebaseDatabaseSwift in Frameworks */ = {isa = PBXBuildFile; productRef = 3A6F12052B1FB38A00CD5D07 /* FirebaseDatabaseSwift */; };
		3A6F12082B1FB38A00CD5D07 /* FirebaseDynamicLinks in Frameworks */ = {isa = PBXBuildFile; productRef = 3A6F12072B1FB38A00CD5D07 /* FirebaseDynamicLinks */; };
		3A6F120A2B1FB38A00CD5D07 /* FirebaseFirestore in Frameworks */ = {isa = PBXBuildFile; productRef = 3A6F12092B1FB38A00CD5D07 /* FirebaseFirestore */; };
		3A6F120C2B1FB38A00CD5D07 /* FirebaseFirestoreCombine-Community in Frameworks */ = {isa = PBXBuildFile; productRef = 3A6F120B2B1FB38A00CD5D07 /* FirebaseFirestoreCombine-Community */; };
		3A6F120E2B1FB38A00CD5D07 /* FirebaseFirestoreSwift in Frameworks */ = {isa = PBXBuildFile; productRef = 3A6F120D2B1FB38A00CD5D07 /* FirebaseFirestoreSwift */; };
		3A6F12102B1FB38A00CD5D07 /* FirebaseFunctions in Frameworks */ = {isa = PBXBuildFile; productRef = 3A6F120F2B1FB38A00CD5D07 /* FirebaseFunctions */; };
		3A6F12122B1FB38A00CD5D07 /* FirebaseFunctionsCombine-Community in Frameworks */ = {isa = PBXBuildFile; productRef = 3A6F12112B1FB38A00CD5D07 /* FirebaseFunctionsCombine-Community */; };
		3A6F12142B1FB38A00CD5D07 /* FirebaseInAppMessaging-Beta in Frameworks */ = {isa = PBXBuildFile; productRef = 3A6F12132B1FB38A00CD5D07 /* FirebaseInAppMessaging-Beta */; };
		3A6F12162B1FB38A00CD5D07 /* FirebaseInAppMessagingSwift-Beta in Frameworks */ = {isa = PBXBuildFile; productRef = 3A6F12152B1FB38A00CD5D07 /* FirebaseInAppMessagingSwift-Beta */; };
		3A6F12182B1FB38A00CD5D07 /* FirebaseInstallations in Frameworks */ = {isa = PBXBuildFile; productRef = 3A6F12172B1FB38A00CD5D07 /* FirebaseInstallations */; };
		3A6F121A2B1FB38A00CD5D07 /* FirebaseMLModelDownloader in Frameworks */ = {isa = PBXBuildFile; productRef = 3A6F12192B1FB38A00CD5D07 /* FirebaseMLModelDownloader */; };
		3A6F121C2B1FB38A00CD5D07 /* FirebaseMessaging in Frameworks */ = {isa = PBXBuildFile; productRef = 3A6F121B2B1FB38A00CD5D07 /* FirebaseMessaging */; };
		3A6F121E2B1FB38A00CD5D07 /* FirebasePerformance in Frameworks */ = {isa = PBXBuildFile; productRef = 3A6F121D2B1FB38A00CD5D07 /* FirebasePerformance */; };
		3A6F12202B1FB38A00CD5D07 /* FirebaseRemoteConfig in Frameworks */ = {isa = PBXBuildFile; productRef = 3A6F121F2B1FB38A00CD5D07 /* FirebaseRemoteConfig */; };
		3A6F12222B1FB38A00CD5D07 /* FirebaseRemoteConfigSwift in Frameworks */ = {isa = PBXBuildFile; productRef = 3A6F12212B1FB38A00CD5D07 /* FirebaseRemoteConfigSwift */; };
		3A6F12242B1FB38A00CD5D07 /* FirebaseStorage in Frameworks */ = {isa = PBXBuildFile; productRef = 3A6F12232B1FB38A00CD5D07 /* FirebaseStorage */; };
		3A6F12262B1FB38A00CD5D07 /* FirebaseStorageCombine-Community in Frameworks */ = {isa = PBXBuildFile; productRef = 3A6F12252B1FB38A00CD5D07 /* FirebaseStorageCombine-Community */; };
		3A9335372B1121C2006B4916 /* Druze.swift in Sources */ = {isa = PBXBuildFile; fileRef = 3A9335362B1121C2006B4916 /* Druze.swift */; };
		3A9335392B1121C2006B4916 /* ContentView.swift in Sources */ = {isa = PBXBuildFile; fileRef = 3A9335382B1121C2006B4916 /* ContentView.swift */; };
		3A93353B2B1121C3006B4916 /* Assets.xcassets in Resources */ = {isa = PBXBuildFile; fileRef = 3A93353A2B1121C3006B4916 /* Assets.xcassets */; };
		3A93353E2B1121C3006B4916 /* Preview Assets.xcassets in Resources */ = {isa = PBXBuildFile; fileRef = 3A93353D2B1121C3006B4916 /* Preview Assets.xcassets */; };
		3A9335482B112574006B4916 /* Home.swift in Sources */ = {isa = PBXBuildFile; fileRef = 3A9335472B112574006B4916 /* Home.swift */; };
		3A93354A2B11268C006B4916 /* CusCanvas.swift in Sources */ = {isa = PBXBuildFile; fileRef = 3A9335492B11268C006B4916 /* CusCanvas.swift */; };
		3A93354C2B112697006B4916 /* CanvasViewModel.swift in Sources */ = {isa = PBXBuildFile; fileRef = 3A93354B2B112697006B4916 /* CanvasViewModel.swift */; };
		3A93354E2B11272F006B4916 /* StackItem.swift in Sources */ = {isa = PBXBuildFile; fileRef = 3A93354D2B11272F006B4916 /* StackItem.swift */; };
/* End PBXBuildFile section */

/* Begin PBXFileReference section */
		3A2EE9082B1BC4FB000A83DD /* Star.swift */ = {isa = PBXFileReference; lastKnownFileType = sourcecode.swift; path = Star.swift; sourceTree = "<group>"; };
		3A2EE90E2B1D1987000A83DD /* MPLUSRounded1c-Black.ttf */ = {isa = PBXFileReference; lastKnownFileType = file; path = "MPLUSRounded1c-Black.ttf"; sourceTree = "<group>"; };
		3A2EE90F2B1D1987000A83DD /* MPLUSRounded1c-Regular.ttf */ = {isa = PBXFileReference; lastKnownFileType = file; path = "MPLUSRounded1c-Regular.ttf"; sourceTree = "<group>"; };
		3A2EE9132B1D1988000A83DD /* MPLUSRounded1c-Medium.ttf */ = {isa = PBXFileReference; lastKnownFileType = file; path = "MPLUSRounded1c-Medium.ttf"; sourceTree = "<group>"; };
		3A2EE91B2B1D1A2A000A83DD /* Info.plist */ = {isa = PBXFileReference; lastKnownFileType = text.plist; path = Info.plist; sourceTree = "<group>"; };
		3A2EE91C2B1D22EA000A83DD /* CanvasSettings.swift */ = {isa = PBXFileReference; lastKnownFileType = sourcecode.swift; path = CanvasSettings.swift; sourceTree = "<group>"; };
		3A6F11EC2B1D470F00CD5D07 /* Launch Screen.storyboard */ = {isa = PBXFileReference; lastKnownFileType = file.storyboard; path = "Launch Screen.storyboard"; sourceTree = "<group>"; };
		3A6F11EE2B1FB33600CD5D07 /* GoogleService-Info.plist */ = {isa = PBXFileReference; fileEncoding = 4; lastKnownFileType = text.plist.xml; path = "GoogleService-Info.plist"; sourceTree = "<group>"; };
		3A9335332B1121C2006B4916 /* Druze.app */ = {isa = PBXFileReference; explicitFileType = wrapper.application; includeInIndex = 0; path = Druze.app; sourceTree = BUILT_PRODUCTS_DIR; };
		3A9335362B1121C2006B4916 /* Druze.swift */ = {isa = PBXFileReference; lastKnownFileType = sourcecode.swift; path = Druze.swift; sourceTree = "<group>"; };
		3A9335382B1121C2006B4916 /* ContentView.swift */ = {isa = PBXFileReference; lastKnownFileType = sourcecode.swift; path = ContentView.swift; sourceTree = "<group>"; };
		3A93353A2B1121C3006B4916 /* Assets.xcassets */ = {isa = PBXFileReference; lastKnownFileType = folder.assetcatalog; path = Assets.xcassets; sourceTree = "<group>"; };
		3A93353D2B1121C3006B4916 /* Preview Assets.xcassets */ = {isa = PBXFileReference; lastKnownFileType = folder.assetcatalog; path = "Preview Assets.xcassets"; sourceTree = "<group>"; };
		3A9335472B112574006B4916 /* Home.swift */ = {isa = PBXFileReference; lastKnownFileType = sourcecode.swift; path = Home.swift; sourceTree = "<group>"; };
		3A9335492B11268C006B4916 /* CusCanvas.swift */ = {isa = PBXFileReference; lastKnownFileType = sourcecode.swift; path = CusCanvas.swift; sourceTree = "<group>"; };
		3A93354B2B112697006B4916 /* CanvasViewModel.swift */ = {isa = PBXFileReference; lastKnownFileType = sourcecode.swift; path = CanvasViewModel.swift; sourceTree = "<group>"; };
		3A93354D2B11272F006B4916 /* StackItem.swift */ = {isa = PBXFileReference; lastKnownFileType = sourcecode.swift; path = StackItem.swift; sourceTree = "<group>"; };
/* End PBXFileReference section */

/* Begin PBXFrameworksBuildPhase section */
		3A9335302B1121C2006B4916 /* Frameworks */ = {
			isa = PBXFrameworksBuildPhase;
			buildActionMask = 2147483647;
			files = (
				3A6F12042B1FB38A00CD5D07 /* FirebaseDatabase in Frameworks */,
				3A6F12122B1FB38A00CD5D07 /* FirebaseFunctionsCombine-Community in Frameworks */,
				3A6F120A2B1FB38A00CD5D07 /* FirebaseFirestore in Frameworks */,
				3A6F11F62B1FB38A00CD5D07 /* FirebaseAnalyticsSwift in Frameworks */,
				3A6F11F22B1FB38A00CD5D07 /* FirebaseAnalytics in Frameworks */,
				3A6F11F42B1FB38A00CD5D07 /* FirebaseAnalyticsOnDeviceConversion in Frameworks */,
				3A6F121A2B1FB38A00CD5D07 /* FirebaseMLModelDownloader in Frameworks */,
				3A6F120E2B1FB38A00CD5D07 /* FirebaseFirestoreSwift in Frameworks */,
				3A6F11FA2B1FB38A00CD5D07 /* FirebaseAppCheck in Frameworks */,
				3A6F11F82B1FB38A00CD5D07 /* FirebaseAnalyticsWithoutAdIdSupport in Frameworks */,
				3A6F11FE2B1FB38A00CD5D07 /* FirebaseAuth in Frameworks */,
				3A6F12022B1FB38A00CD5D07 /* FirebaseCrashlytics in Frameworks */,
				3A6F12222B1FB38A00CD5D07 /* FirebaseRemoteConfigSwift in Frameworks */,
				3A6F12142B1FB38A00CD5D07 /* FirebaseInAppMessaging-Beta in Frameworks */,
				3A6F12062B1FB38A00CD5D07 /* FirebaseDatabaseSwift in Frameworks */,
				3A6F12102B1FB38A00CD5D07 /* FirebaseFunctions in Frameworks */,
				3A6F12262B1FB38A00CD5D07 /* FirebaseStorageCombine-Community in Frameworks */,
				3A6F12202B1FB38A00CD5D07 /* FirebaseRemoteConfig in Frameworks */,
				3A6F11FC2B1FB38A00CD5D07 /* FirebaseAppDistribution-Beta in Frameworks */,
				3A6F12002B1FB38A00CD5D07 /* FirebaseAuthCombine-Community in Frameworks */,
				3A6F121E2B1FB38A00CD5D07 /* FirebasePerformance in Frameworks */,
				3A6F12162B1FB38A00CD5D07 /* FirebaseInAppMessagingSwift-Beta in Frameworks */,
				3A6F12242B1FB38A00CD5D07 /* FirebaseStorage in Frameworks */,
				3A6F12082B1FB38A00CD5D07 /* FirebaseDynamicLinks in Frameworks */,
				3A6F120C2B1FB38A00CD5D07 /* FirebaseFirestoreCombine-Community in Frameworks */,
				3A6F121C2B1FB38A00CD5D07 /* FirebaseMessaging in Frameworks */,
				3A6F12182B1FB38A00CD5D07 /* FirebaseInstallations in Frameworks */,
			);
			runOnlyForDeploymentPostprocessing = 0;
		};
/* End PBXFrameworksBuildPhase section */

/* Begin PBXGroup section */
		3A2EE90C2B1D1970000A83DD /* project_fonts */ = {
			isa = PBXGroup;
			children = (
				3A2EE90E2B1D1987000A83DD /* MPLUSRounded1c-Black.ttf */,
				3A2EE9132B1D1988000A83DD /* MPLUSRounded1c-Medium.ttf */,
				3A2EE90F2B1D1987000A83DD /* MPLUSRounded1c-Regular.ttf */,
			);
			path = project_fonts;
			sourceTree = "<group>";
		};
		3A93352A2B1121C2006B4916 = {
			isa = PBXGroup;
			children = (
				3A6F11EC2B1D470F00CD5D07 /* Launch Screen.storyboard */,
				3A9335352B1121C2006B4916 /* Druze */,
				3A9335342B1121C2006B4916 /* Products */,
			);
			sourceTree = "<group>";
		};
		3A9335342B1121C2006B4916 /* Products */ = {
			isa = PBXGroup;
			children = (
				3A9335332B1121C2006B4916 /* Druze.app */,
			);
			name = Products;
			sourceTree = "<group>";
		};
		3A9335352B1121C2006B4916 /* Druze */ = {
			isa = PBXGroup;
			children = (
				3A2EE91B2B1D1A2A000A83DD /* Info.plist */,
				3A2EE90C2B1D1970000A83DD /* project_fonts */,
				3A9335462B112568006B4916 /* ViewModel */,
				3A9335452B11255B006B4916 /* Model */,
				3A9335442B112551006B4916 /* View */,
				3A9335362B1121C2006B4916 /* Druze.swift */,
				3A9335382B1121C2006B4916 /* ContentView.swift */,
				3A93353A2B1121C3006B4916 /* Assets.xcassets */,
				3A6F11EE2B1FB33600CD5D07 /* GoogleService-Info.plist */,
				3A93353C2B1121C3006B4916 /* Preview Content */,
			);
			path = Druze;
			sourceTree = "<group>";
		};
		3A93353C2B1121C3006B4916 /* Preview Content */ = {
			isa = PBXGroup;
			children = (
				3A93353D2B1121C3006B4916 /* Preview Assets.xcassets */,
			);
			path = "Preview Content";
			sourceTree = "<group>";
		};
		3A9335442B112551006B4916 /* View */ = {
			isa = PBXGroup;
			children = (
				3A2EE91C2B1D22EA000A83DD /* CanvasSettings.swift */,
				3A9335472B112574006B4916 /* Home.swift */,
				3A9335492B11268C006B4916 /* CusCanvas.swift */,
				3A2EE9082B1BC4FB000A83DD /* Star.swift */,
			);
			path = View;
			sourceTree = "<group>";
		};
		3A9335452B11255B006B4916 /* Model */ = {
			isa = PBXGroup;
			children = (
				3A93354D2B11272F006B4916 /* StackItem.swift */,
			);
			path = Model;
			sourceTree = "<group>";
		};
		3A9335462B112568006B4916 /* ViewModel */ = {
			isa = PBXGroup;
			children = (
				3A93354B2B112697006B4916 /* CanvasViewModel.swift */,
			);
			path = ViewModel;
			sourceTree = "<group>";
		};
/* End PBXGroup section */

/* Begin PBXNativeTarget section */
		3A9335322B1121C2006B4916 /* Druze */ = {
			isa = PBXNativeTarget;
			buildConfigurationList = 3A9335412B1121C3006B4916 /* Build configuration list for PBXNativeTarget "Druze" */;
			buildPhases = (
				3A93352F2B1121C2006B4916 /* Sources */,
				3A9335302B1121C2006B4916 /* Frameworks */,
				3A9335312B1121C2006B4916 /* Resources */,
			);
			buildRules = (
			);
			dependencies = (
			);
			name = Druze;
			packageProductDependencies = (
				3A6F11F12B1FB38A00CD5D07 /* FirebaseAnalytics */,
				3A6F11F32B1FB38A00CD5D07 /* FirebaseAnalyticsOnDeviceConversion */,
				3A6F11F52B1FB38A00CD5D07 /* FirebaseAnalyticsSwift */,
				3A6F11F72B1FB38A00CD5D07 /* FirebaseAnalyticsWithoutAdIdSupport */,
				3A6F11F92B1FB38A00CD5D07 /* FirebaseAppCheck */,
				3A6F11FB2B1FB38A00CD5D07 /* FirebaseAppDistribution-Beta */,
				3A6F11FD2B1FB38A00CD5D07 /* FirebaseAuth */,
				3A6F11FF2B1FB38A00CD5D07 /* FirebaseAuthCombine-Community */,
				3A6F12012B1FB38A00CD5D07 /* FirebaseCrashlytics */,
				3A6F12032B1FB38A00CD5D07 /* FirebaseDatabase */,
				3A6F12052B1FB38A00CD5D07 /* FirebaseDatabaseSwift */,
				3A6F12072B1FB38A00CD5D07 /* FirebaseDynamicLinks */,
				3A6F12092B1FB38A00CD5D07 /* FirebaseFirestore */,
				3A6F120B2B1FB38A00CD5D07 /* FirebaseFirestoreCombine-Community */,
				3A6F120D2B1FB38A00CD5D07 /* FirebaseFirestoreSwift */,
				3A6F120F2B1FB38A00CD5D07 /* FirebaseFunctions */,
				3A6F12112B1FB38A00CD5D07 /* FirebaseFunctionsCombine-Community */,
				3A6F12132B1FB38A00CD5D07 /* FirebaseInAppMessaging-Beta */,
				3A6F12152B1FB38A00CD5D07 /* FirebaseInAppMessagingSwift-Beta */,
				3A6F12172B1FB38A00CD5D07 /* FirebaseInstallations */,
				3A6F12192B1FB38A00CD5D07 /* FirebaseMLModelDownloader */,
				3A6F121B2B1FB38A00CD5D07 /* FirebaseMessaging */,
				3A6F121D2B1FB38A00CD5D07 /* FirebasePerformance */,
				3A6F121F2B1FB38A00CD5D07 /* FirebaseRemoteConfig */,
				3A6F12212B1FB38A00CD5D07 /* FirebaseRemoteConfigSwift */,
				3A6F12232B1FB38A00CD5D07 /* FirebaseStorage */,
				3A6F12252B1FB38A00CD5D07 /* FirebaseStorageCombine-Community */,
			);
			productName = "Dragging Text";
			productReference = 3A9335332B1121C2006B4916 /* Druze.app */;
			productType = "com.apple.product-type.application";
		};
/* End PBXNativeTarget section */

/* Begin PBXProject section */
		3A93352B2B1121C2006B4916 /* Project object */ = {
			isa = PBXProject;
			attributes = {
				BuildIndependentTargetsInParallel = NO;
				LastSwiftUpdateCheck = 1500;
				LastUpgradeCheck = 1500;
				TargetAttributes = {
					3A9335322B1121C2006B4916 = {
						CreatedOnToolsVersion = 15.0;
					};
				};
			};
			buildConfigurationList = 3A93352E2B1121C2006B4916 /* Build configuration list for PBXProject "Druze" */;
			compatibilityVersion = "Xcode 14.0";
			developmentRegion = en;
			hasScannedForEncodings = 0;
			knownRegions = (
				en,
				Base,
			);
			mainGroup = 3A93352A2B1121C2006B4916;
			packageReferences = (
				3A6F11F02B1FB38A00CD5D07 /* XCRemoteSwiftPackageReference "firebase-ios-sdk" */,
			);
			productRefGroup = 3A9335342B1121C2006B4916 /* Products */;
			projectDirPath = "";
			projectRoot = "";
			targets = (
				3A9335322B1121C2006B4916 /* Druze */,
			);
		};
/* End PBXProject section */

/* Begin PBXResourcesBuildPhase section */
		3A9335312B1121C2006B4916 /* Resources */ = {
			isa = PBXResourcesBuildPhase;
			buildActionMask = 2147483647;
			files = (
				3A6F11ED2B1D470F00CD5D07 /* Launch Screen.storyboard in Resources */,
				3A2EE9162B1D1988000A83DD /* MPLUSRounded1c-Regular.ttf in Resources */,
				3A2EE9152B1D1988000A83DD /* MPLUSRounded1c-Black.ttf in Resources */,
				3A93353E2B1121C3006B4916 /* Preview Assets.xcassets in Resources */,
				3A93353B2B1121C3006B4916 /* Assets.xcassets in Resources */,
				3A2EE91A2B1D1988000A83DD /* MPLUSRounded1c-Medium.ttf in Resources */,
				3A6F11EF2B1FB33600CD5D07 /* GoogleService-Info.plist in Resources */,
			);
			runOnlyForDeploymentPostprocessing = 0;
		};
/* End PBXResourcesBuildPhase section */

/* Begin PBXSourcesBuildPhase section */
		3A93352F2B1121C2006B4916 /* Sources */ = {
			isa = PBXSourcesBuildPhase;
			buildActionMask = 2147483647;
			files = (
				3A93354C2B112697006B4916 /* CanvasViewModel.swift in Sources */,
				3A93354E2B11272F006B4916 /* StackItem.swift in Sources */,
				3A9335392B1121C2006B4916 /* ContentView.swift in Sources */,
				3A9335482B112574006B4916 /* Home.swift in Sources */,
				3A2EE91D2B1D22EB000A83DD /* CanvasSettings.swift in Sources */,
				3A9335372B1121C2006B4916 /* Druze.swift in Sources */,
				3A93354A2B11268C006B4916 /* CusCanvas.swift in Sources */,
				3A2EE9092B1BC4FB000A83DD /* Star.swift in Sources */,
			);
			runOnlyForDeploymentPostprocessing = 0;
		};
/* End PBXSourcesBuildPhase section */

/* Begin XCBuildConfiguration section */
		3A93353F2B1121C3006B4916 /* Debug */ = {
			isa = XCBuildConfiguration;
			buildSettings = {
				ALWAYS_SEARCH_USER_PATHS = NO;
				ASSETCATALOG_COMPILER_GENERATE_SWIFT_ASSET_SYMBOL_EXTENSIONS = YES;
				CLANG_ANALYZER_NONNULL = YES;
				CLANG_ANALYZER_NUMBER_OBJECT_CONVERSION = YES_AGGRESSIVE;
				CLANG_CXX_LANGUAGE_STANDARD = "gnu++20";
				CLANG_ENABLE_MODULES = YES;
				CLANG_ENABLE_OBJC_ARC = YES;
				CLANG_ENABLE_OBJC_WEAK = YES;
				CLANG_WARN_BLOCK_CAPTURE_AUTORELEASING = YES;
				CLANG_WARN_BOOL_CONVERSION = YES;
				CLANG_WARN_COMMA = YES;
				CLANG_WARN_CONSTANT_CONVERSION = YES;
				CLANG_WARN_DEPRECATED_OBJC_IMPLEMENTATIONS = YES;
				CLANG_WARN_DIRECT_OBJC_ISA_USAGE = YES_ERROR;
				CLANG_WARN_DOCUMENTATION_COMMENTS = YES;
				CLANG_WARN_EMPTY_BODY = YES;
				CLANG_WARN_ENUM_CONVERSION = YES;
				CLANG_WARN_INFINITE_RECURSION = YES;
				CLANG_WARN_INT_CONVERSION = YES;
				CLANG_WARN_NON_LITERAL_NULL_CONVERSION = YES;
				CLANG_WARN_OBJC_IMPLICIT_RETAIN_SELF = YES;
				CLANG_WARN_OBJC_LITERAL_CONVERSION = YES;
				CLANG_WARN_OBJC_ROOT_CLASS = YES_ERROR;
				CLANG_WARN_QUOTED_INCLUDE_IN_FRAMEWORK_HEADER = YES;
				CLANG_WARN_RANGE_LOOP_ANALYSIS = YES;
				CLANG_WARN_STRICT_PROTOTYPES = YES;
				CLANG_WARN_SUSPICIOUS_MOVE = YES;
				CLANG_WARN_UNGUARDED_AVAILABILITY = YES_AGGRESSIVE;
				CLANG_WARN_UNREACHABLE_CODE = YES;
				CLANG_WARN__DUPLICATE_METHOD_MATCH = YES;
				COPY_PHASE_STRIP = NO;
				DEBUG_INFORMATION_FORMAT = dwarf;
				ENABLE_STRICT_OBJC_MSGSEND = YES;
				ENABLE_TESTABILITY = YES;
				ENABLE_USER_SCRIPT_SANDBOXING = YES;
				GCC_C_LANGUAGE_STANDARD = gnu17;
				GCC_DYNAMIC_NO_PIC = NO;
				GCC_NO_COMMON_BLOCKS = YES;
				GCC_OPTIMIZATION_LEVEL = 0;
				GCC_PREPROCESSOR_DEFINITIONS = (
					"DEBUG=1",
					"$(inherited)",
				);
				GCC_WARN_64_TO_32_BIT_CONVERSION = YES;
				GCC_WARN_ABOUT_RETURN_TYPE = YES_ERROR;
				GCC_WARN_UNDECLARED_SELECTOR = YES;
				GCC_WARN_UNINITIALIZED_AUTOS = YES_AGGRESSIVE;
				GCC_WARN_UNUSED_FUNCTION = YES;
				GCC_WARN_UNUSED_VARIABLE = YES;
				IPHONEOS_DEPLOYMENT_TARGET = 17.0;
				LOCALIZATION_PREFERS_STRING_CATALOGS = YES;
				MTL_ENABLE_DEBUG_INFO = INCLUDE_SOURCE;
				MTL_FAST_MATH = YES;
				ONLY_ACTIVE_ARCH = YES;
				SDKROOT = iphoneos;
				SWIFT_ACTIVE_COMPILATION_CONDITIONS = "DEBUG $(inherited)";
				SWIFT_OPTIMIZATION_LEVEL = "-Onone";
			};
			name = Debug;
		};
		3A9335402B1121C3006B4916 /* Release */ = {
			isa = XCBuildConfiguration;
			buildSettings = {
				ALWAYS_SEARCH_USER_PATHS = NO;
				ASSETCATALOG_COMPILER_GENERATE_SWIFT_ASSET_SYMBOL_EXTENSIONS = YES;
				CLANG_ANALYZER_NONNULL = YES;
				CLANG_ANALYZER_NUMBER_OBJECT_CONVERSION = YES_AGGRESSIVE;
				CLANG_CXX_LANGUAGE_STANDARD = "gnu++20";
				CLANG_ENABLE_MODULES = YES;
				CLANG_ENABLE_OBJC_ARC = YES;
				CLANG_ENABLE_OBJC_WEAK = YES;
				CLANG_WARN_BLOCK_CAPTURE_AUTORELEASING = YES;
				CLANG_WARN_BOOL_CONVERSION = YES;
				CLANG_WARN_COMMA = YES;
				CLANG_WARN_CONSTANT_CONVERSION = YES;
				CLANG_WARN_DEPRECATED_OBJC_IMPLEMENTATIONS = YES;
				CLANG_WARN_DIRECT_OBJC_ISA_USAGE = YES_ERROR;
				CLANG_WARN_DOCUMENTATION_COMMENTS = YES;
				CLANG_WARN_EMPTY_BODY = YES;
				CLANG_WARN_ENUM_CONVERSION = YES;
				CLANG_WARN_INFINITE_RECURSION = YES;
				CLANG_WARN_INT_CONVERSION = YES;
				CLANG_WARN_NON_LITERAL_NULL_CONVERSION = YES;
				CLANG_WARN_OBJC_IMPLICIT_RETAIN_SELF = YES;
				CLANG_WARN_OBJC_LITERAL_CONVERSION = YES;
				CLANG_WARN_OBJC_ROOT_CLASS = YES_ERROR;
				CLANG_WARN_QUOTED_INCLUDE_IN_FRAMEWORK_HEADER = YES;
				CLANG_WARN_RANGE_LOOP_ANALYSIS = YES;
				CLANG_WARN_STRICT_PROTOTYPES = YES;
				CLANG_WARN_SUSPICIOUS_MOVE = YES;
				CLANG_WARN_UNGUARDED_AVAILABILITY = YES_AGGRESSIVE;
				CLANG_WARN_UNREACHABLE_CODE = YES;
				CLANG_WARN__DUPLICATE_METHOD_MATCH = YES;
				COPY_PHASE_STRIP = NO;
				DEBUG_INFORMATION_FORMAT = "dwarf-with-dsym";
				ENABLE_NS_ASSERTIONS = NO;
				ENABLE_STRICT_OBJC_MSGSEND = YES;
				ENABLE_USER_SCRIPT_SANDBOXING = YES;
				GCC_C_LANGUAGE_STANDARD = gnu17;
				GCC_NO_COMMON_BLOCKS = YES;
				GCC_WARN_64_TO_32_BIT_CONVERSION = YES;
				GCC_WARN_ABOUT_RETURN_TYPE = YES_ERROR;
				GCC_WARN_UNDECLARED_SELECTOR = YES;
				GCC_WARN_UNINITIALIZED_AUTOS = YES_AGGRESSIVE;
				GCC_WARN_UNUSED_FUNCTION = YES;
				GCC_WARN_UNUSED_VARIABLE = YES;
				IPHONEOS_DEPLOYMENT_TARGET = 17.0;
				LOCALIZATION_PREFERS_STRING_CATALOGS = YES;
				MTL_ENABLE_DEBUG_INFO = NO;
				MTL_FAST_MATH = YES;
				SDKROOT = iphoneos;
				SWIFT_COMPILATION_MODE = wholemodule;
				VALIDATE_PRODUCT = YES;
			};
			name = Release;
		};
		3A9335422B1121C3006B4916 /* Debug */ = {
			isa = XCBuildConfiguration;
			buildSettings = {
				ASSETCATALOG_COMPILER_APPICON_NAME = AppIcon;
				ASSETCATALOG_COMPILER_GLOBAL_ACCENT_COLOR_NAME = AccentColor;
				CODE_SIGN_STYLE = Automatic;
				CURRENT_PROJECT_VERSION = 1;
				DEVELOPMENT_ASSET_PATHS = "\"Druze/Preview Content\"";
				DEVELOPMENT_TEAM = 3M744A37XM;
				ENABLE_PREVIEWS = YES;
				GENERATE_INFOPLIST_FILE = YES;
				INFOPLIST_FILE = Druze/Info.plist;
				INFOPLIST_KEY_CFBundleDisplayName = Druze;
				INFOPLIST_KEY_UIApplicationSceneManifest_Generation = YES;
				INFOPLIST_KEY_UIApplicationSupportsIndirectInputEvents = YES;
				INFOPLIST_KEY_UILaunchStoryboardName = "Launch Screen.storyboard";
				INFOPLIST_KEY_UIStatusBarStyle = "";
				INFOPLIST_KEY_UISupportedInterfaceOrientations_iPad = "UIInterfaceOrientationPortrait UIInterfaceOrientationPortraitUpsideDown UIInterfaceOrientationLandscapeLeft UIInterfaceOrientationLandscapeRight";
				INFOPLIST_KEY_UISupportedInterfaceOrientations_iPhone = "UIInterfaceOrientationPortrait UIInterfaceOrientationLandscapeLeft UIInterfaceOrientationLandscapeRight";
				LD_RUNPATH_SEARCH_PATHS = (
					"$(inherited)",
					"@executable_path/Frameworks",
				);
				MARKETING_VERSION = 1.0;
				PRODUCT_BUNDLE_IDENTIFIER = media.drewbrown.Druze;
				PRODUCT_NAME = "$(TARGET_NAME)";
				SWIFT_EMIT_LOC_STRINGS = YES;
				SWIFT_VERSION = 5.0;
				TARGETED_DEVICE_FAMILY = "1,2";
			};
			name = Debug;
		};
		3A9335432B1121C3006B4916 /* Release */ = {
			isa = XCBuildConfiguration;
			buildSettings = {
				ASSETCATALOG_COMPILER_APPICON_NAME = AppIcon;
				ASSETCATALOG_COMPILER_GLOBAL_ACCENT_COLOR_NAME = AccentColor;
				CODE_SIGN_STYLE = Automatic;
				CURRENT_PROJECT_VERSION = 1;
				DEVELOPMENT_ASSET_PATHS = "\"Druze/Preview Content\"";
				DEVELOPMENT_TEAM = 3M744A37XM;
				ENABLE_PREVIEWS = YES;
				GENERATE_INFOPLIST_FILE = YES;
				INFOPLIST_FILE = Druze/Info.plist;
				INFOPLIST_KEY_CFBundleDisplayName = Druze;
				INFOPLIST_KEY_UIApplicationSceneManifest_Generation = YES;
				INFOPLIST_KEY_UIApplicationSupportsIndirectInputEvents = YES;
				INFOPLIST_KEY_UILaunchStoryboardName = "Launch Screen.storyboard";
				INFOPLIST_KEY_UIStatusBarStyle = "";
				INFOPLIST_KEY_UISupportedInterfaceOrientations_iPad = "UIInterfaceOrientationPortrait UIInterfaceOrientationPortraitUpsideDown UIInterfaceOrientationLandscapeLeft UIInterfaceOrientationLandscapeRight";
				INFOPLIST_KEY_UISupportedInterfaceOrientations_iPhone = "UIInterfaceOrientationPortrait UIInterfaceOrientationLandscapeLeft UIInterfaceOrientationLandscapeRight";
				LD_RUNPATH_SEARCH_PATHS = (
					"$(inherited)",
					"@executable_path/Frameworks",
				);
				MARKETING_VERSION = 1.0;
				PRODUCT_BUNDLE_IDENTIFIER = media.drewbrown.Druze;
				PRODUCT_NAME = "$(TARGET_NAME)";
				SWIFT_EMIT_LOC_STRINGS = YES;
				SWIFT_VERSION = 5.0;
				TARGETED_DEVICE_FAMILY = "1,2";
			};
			name = Release;
		};
/* End XCBuildConfiguration section */

/* Begin XCConfigurationList section */
		3A93352E2B1121C2006B4916 /* Build configuration list for PBXProject "Druze" */ = {
			isa = XCConfigurationList;
			buildConfigurations = (
				3A93353F2B1121C3006B4916 /* Debug */,
				3A9335402B1121C3006B4916 /* Release */,
			);
			defaultConfigurationIsVisible = 0;
			defaultConfigurationName = Release;
		};
		3A9335412B1121C3006B4916 /* Build configuration list for PBXNativeTarget "Druze" */ = {
			isa = XCConfigurationList;
			buildConfigurations = (
				3A9335422B1121C3006B4916 /* Debug */,
				3A9335432B1121C3006B4916 /* Release */,
			);
			defaultConfigurationIsVisible = 0;
			defaultConfigurationName = Release;
		};
/* End XCConfigurationList section */

/* Begin XCRemoteSwiftPackageReference section */
		3A6F11F02B1FB38A00CD5D07 /* XCRemoteSwiftPackageReference "firebase-ios-sdk" */ = {
			isa = XCRemoteSwiftPackageReference;
			repositoryURL = "https://github.com/firebase/firebase-ios-sdk";
			requirement = {
				kind = upToNextMajorVersion;
				minimumVersion = 10.19.0;
			};
		};
/* End XCRemoteSwiftPackageReference section */

/* Begin XCSwiftPackageProductDependency section */
		3A6F11F12B1FB38A00CD5D07 /* FirebaseAnalytics */ = {
			isa = XCSwiftPackageProductDependency;
			package = 3A6F11F02B1FB38A00CD5D07 /* XCRemoteSwiftPackageReference "firebase-ios-sdk" */;
			productName = FirebaseAnalytics;
		};
		3A6F11F32B1FB38A00CD5D07 /* FirebaseAnalyticsOnDeviceConversion */ = {
			isa = XCSwiftPackageProductDependency;
			package = 3A6F11F02B1FB38A00CD5D07 /* XCRemoteSwiftPackageReference "firebase-ios-sdk" */;
			productName = FirebaseAnalyticsOnDeviceConversion;
		};
		3A6F11F52B1FB38A00CD5D07 /* FirebaseAnalyticsSwift */ = {
			isa = XCSwiftPackageProductDependency;
			package = 3A6F11F02B1FB38A00CD5D07 /* XCRemoteSwiftPackageReference "firebase-ios-sdk" */;
			productName = FirebaseAnalyticsSwift;
		};
		3A6F11F72B1FB38A00CD5D07 /* FirebaseAnalyticsWithoutAdIdSupport */ = {
			isa = XCSwiftPackageProductDependency;
			package = 3A6F11F02B1FB38A00CD5D07 /* XCRemoteSwiftPackageReference "firebase-ios-sdk" */;
			productName = FirebaseAnalyticsWithoutAdIdSupport;
		};
		3A6F11F92B1FB38A00CD5D07 /* FirebaseAppCheck */ = {
			isa = XCSwiftPackageProductDependency;
			package = 3A6F11F02B1FB38A00CD5D07 /* XCRemoteSwiftPackageReference "firebase-ios-sdk" */;
			productName = FirebaseAppCheck;
		};
		3A6F11FB2B1FB38A00CD5D07 /* FirebaseAppDistribution-Beta */ = {
			isa = XCSwiftPackageProductDependency;
			package = 3A6F11F02B1FB38A00CD5D07 /* XCRemoteSwiftPackageReference "firebase-ios-sdk" */;
			productName = "FirebaseAppDistribution-Beta";
		};
		3A6F11FD2B1FB38A00CD5D07 /* FirebaseAuth */ = {
			isa = XCSwiftPackageProductDependency;
			package = 3A6F11F02B1FB38A00CD5D07 /* XCRemoteSwiftPackageReference "firebase-ios-sdk" */;
			productName = FirebaseAuth;
		};
		3A6F11FF2B1FB38A00CD5D07 /* FirebaseAuthCombine-Community */ = {
			isa = XCSwiftPackageProductDependency;
			package = 3A6F11F02B1FB38A00CD5D07 /* XCRemoteSwiftPackageReference "firebase-ios-sdk" */;
			productName = "FirebaseAuthCombine-Community";
		};
		3A6F12012B1FB38A00CD5D07 /* FirebaseCrashlytics */ = {
			isa = XCSwiftPackageProductDependency;
			package = 3A6F11F02B1FB38A00CD5D07 /* XCRemoteSwiftPackageReference "firebase-ios-sdk" */;
			productName = FirebaseCrashlytics;
		};
		3A6F12032B1FB38A00CD5D07 /* FirebaseDatabase */ = {
			isa = XCSwiftPackageProductDependency;
			package = 3A6F11F02B1FB38A00CD5D07 /* XCRemoteSwiftPackageReference "firebase-ios-sdk" */;
			productName = FirebaseDatabase;
		};
		3A6F12052B1FB38A00CD5D07 /* FirebaseDatabaseSwift */ = {
			isa = XCSwiftPackageProductDependency;
			package = 3A6F11F02B1FB38A00CD5D07 /* XCRemoteSwiftPackageReference "firebase-ios-sdk" */;
			productName = FirebaseDatabaseSwift;
		};
		3A6F12072B1FB38A00CD5D07 /* FirebaseDynamicLinks */ = {
			isa = XCSwiftPackageProductDependency;
			package = 3A6F11F02B1FB38A00CD5D07 /* XCRemoteSwiftPackageReference "firebase-ios-sdk" */;
			productName = FirebaseDynamicLinks;
		};
		3A6F12092B1FB38A00CD5D07 /* FirebaseFirestore */ = {
			isa = XCSwiftPackageProductDependency;
			package = 3A6F11F02B1FB38A00CD5D07 /* XCRemoteSwiftPackageReference "firebase-ios-sdk" */;
			productName = FirebaseFirestore;
		};
		3A6F120B2B1FB38A00CD5D07 /* FirebaseFirestoreCombine-Community */ = {
			isa = XCSwiftPackageProductDependency;
			package = 3A6F11F02B1FB38A00CD5D07 /* XCRemoteSwiftPackageReference "firebase-ios-sdk" */;
			productName = "FirebaseFirestoreCombine-Community";
		};
		3A6F120D2B1FB38A00CD5D07 /* FirebaseFirestoreSwift */ = {
			isa = XCSwiftPackageProductDependency;
			package = 3A6F11F02B1FB38A00CD5D07 /* XCRemoteSwiftPackageReference "firebase-ios-sdk" */;
			productName = FirebaseFirestoreSwift;
		};
		3A6F120F2B1FB38A00CD5D07 /* FirebaseFunctions */ = {
			isa = XCSwiftPackageProductDependency;
			package = 3A6F11F02B1FB38A00CD5D07 /* XCRemoteSwiftPackageReference "firebase-ios-sdk" */;
			productName = FirebaseFunctions;
		};
		3A6F12112B1FB38A00CD5D07 /* FirebaseFunctionsCombine-Community */ = {
			isa = XCSwiftPackageProductDependency;
			package = 3A6F11F02B1FB38A00CD5D07 /* XCRemoteSwiftPackageReference "firebase-ios-sdk" */;
			productName = "FirebaseFunctionsCombine-Community";
		};
		3A6F12132B1FB38A00CD5D07 /* FirebaseInAppMessaging-Beta */ = {
			isa = XCSwiftPackageProductDependency;
			package = 3A6F11F02B1FB38A00CD5D07 /* XCRemoteSwiftPackageReference "firebase-ios-sdk" */;
			productName = "FirebaseInAppMessaging-Beta";
		};
		3A6F12152B1FB38A00CD5D07 /* FirebaseInAppMessagingSwift-Beta */ = {
			isa = XCSwiftPackageProductDependency;
			package = 3A6F11F02B1FB38A00CD5D07 /* XCRemoteSwiftPackageReference "firebase-ios-sdk" */;
			productName = "FirebaseInAppMessagingSwift-Beta";
		};
		3A6F12172B1FB38A00CD5D07 /* FirebaseInstallations */ = {
			isa = XCSwiftPackageProductDependency;
			package = 3A6F11F02B1FB38A00CD5D07 /* XCRemoteSwiftPackageReference "firebase-ios-sdk" */;
			productName = FirebaseInstallations;
		};
		3A6F12192B1FB38A00CD5D07 /* FirebaseMLModelDownloader */ = {
			isa = XCSwiftPackageProductDependency;
			package = 3A6F11F02B1FB38A00CD5D07 /* XCRemoteSwiftPackageReference "firebase-ios-sdk" */;
			productName = FirebaseMLModelDownloader;
		};
		3A6F121B2B1FB38A00CD5D07 /* FirebaseMessaging */ = {
			isa = XCSwiftPackageProductDependency;
			package = 3A6F11F02B1FB38A00CD5D07 /* XCRemoteSwiftPackageReference "firebase-ios-sdk" */;
			productName = FirebaseMessaging;
		};
		3A6F121D2B1FB38A00CD5D07 /* FirebasePerformance */ = {
			isa = XCSwiftPackageProductDependency;
			package = 3A6F11F02B1FB38A00CD5D07 /* XCRemoteSwiftPackageReference "firebase-ios-sdk" */;
			productName = FirebasePerformance;
		};
		3A6F121F2B1FB38A00CD5D07 /* FirebaseRemoteConfig */ = {
			isa = XCSwiftPackageProductDependency;
			package = 3A6F11F02B1FB38A00CD5D07 /* XCRemoteSwiftPackageReference "firebase-ios-sdk" */;
			productName = FirebaseRemoteConfig;
		};
		3A6F12212B1FB38A00CD5D07 /* FirebaseRemoteConfigSwift */ = {
			isa = XCSwiftPackageProductDependency;
			package = 3A6F11F02B1FB38A00CD5D07 /* XCRemoteSwiftPackageReference "firebase-ios-sdk" */;
			productName = FirebaseRemoteConfigSwift;
		};
		3A6F12232B1FB38A00CD5D07 /* FirebaseStorage */ = {
			isa = XCSwiftPackageProductDependency;
			package = 3A6F11F02B1FB38A00CD5D07 /* XCRemoteSwiftPackageReference "firebase-ios-sdk" */;
			productName = FirebaseStorage;
		};
		3A6F12252B1FB38A00CD5D07 /* FirebaseStorageCombine-Community */ = {
			isa = XCSwiftPackageProductDependency;
			package = 3A6F11F02B1FB38A00CD5D07 /* XCRemoteSwiftPackageReference "firebase-ios-sdk" */;
			productName = "FirebaseStorageCombine-Community";
		};
/* End XCSwiftPackageProductDependency section */
	};
	rootObject = 3A93352B2B1121C2006B4916 /* Project object */;
}
